<?xml version="1.0" encoding="utf-8"?>
<Project ToolsVersion="4.0" xmlns="http://schemas.microsoft.com/developer/msbuild/2003">
  <ItemGroup>
    <Filter Include="源文件">
      <UniqueIdentifier>{4FC737F1-C7A5-4376-A066-2A32D752A2FF}</UniqueIdentifier>
      <Extensions>cpp;c;cc;cxx;c++;cppm;ixx;def;odl;idl;hpj;bat;asm;asmx</Extensions>
    </Filter>
    <Filter Include="头文件">
      <UniqueIdentifier>{93995380-89BD-4b04-88EB-625FBE52EBFB}</UniqueIdentifier>
      <Extensions>h;hh;hpp;hxx;h++;hm;inl;inc;ipp;xsd</Extensions>
    </Filter>
    <Filter Include="资源文件">
      <UniqueIdentifier>{67DA6AB6-F800-4c08-8B7A-83BB121AAD01}</UniqueIdentifier>
      <Extensions>rc;ico;cur;bmp;dlg;rc2;rct;bin;rgs;gif;jpg;jpeg;jpe;resx;tiff;tif;png;wav;mfcribbon-ms</Extensions>
    </Filter>
  </ItemGroup>
  <ItemGroup>
    <ClInclude Include="src\Invent\Invent.h">
      <Filter>头文件</Filter>
    </ClInclude>
    <ClInclude Include="src\Invent\IEpch.h">
      <Filter>头文件</Filter>
    </ClInclude>
    <ClInclude Include="src\Invent\ILog.h">
      <Filter>头文件</Filter>
    </ClInclude>
    <ClInclude Include="src\Glad\glad\glad.h">
      <Filter>头文件</Filter>
    </ClInclude>
    <ClInclude Include="src\Glad\KHR\khrplatform.h">
      <Filter>头文件</Filter>
    </ClInclude>
    <ClInclude Include="src\Invent\IBase\IWindow.h">
      <Filter>头文件</Filter>
    </ClInclude>
    <ClInclude Include="src\Invent\IBase\IBaseLevel.h">
      <Filter>头文件</Filter>
    </ClInclude>
    <ClInclude Include="src\Invent\IBase\IEventLayer.h">
      <Filter>头文件</Filter>
    </ClInclude>
    <ClInclude Include="src\Invent\IBase\IBaseEventFunction.h">
      <Filter>头文件</Filter>
    </ClInclude>
    <ClInclude Include="src\Invent\IBase\IBindEvent.h">
      <Filter>头文件</Filter>
    </ClInclude>
    <ClInclude Include="src\Invent\3D\IObject.h">
      <Filter>头文件</Filter>
    </ClInclude>
    <ClInclude Include="src\Invent\2D\IObject2D.h">
      <Filter>头文件</Filter>
    </ClInclude>
    <ClInclude Include="src\Invent\IBase\IObjectBase.h">
      <Filter>头文件</Filter>
    </ClInclude>
    <ClInclude Include="src\Invent\IBase\IComponentManagement.h">
      <Filter>头文件</Filter>
    </ClInclude>
    <ClInclude Include="src\Invent\IComponent\InventComponent.h">
      <Filter>头文件</Filter>
    </ClInclude>
    <ClInclude Include="src\Invent\IBase\IController.h">
      <Filter>头文件</Filter>
    </ClInclude>
    <ClInclude Include="src\Invent\2D\2DComponent\Invent2DComponent.h">
      <Filter>头文件</Filter>
    </ClInclude>
    <ClInclude Include="src\Invent\2D\ISquare2dActor.h">
      <Filter>头文件</Filter>
    </ClInclude>
    <ClInclude Include="src\Invent\IBase\IGameInstance.h">
      <Filter>头文件</Filter>
    </ClInclude>
    <ClInclude Include="src\Invent\Renderer\IRendererCommand.h">
      <Filter>头文件</Filter>
    </ClInclude>
    <ClInclude Include="src\Invent\Shader\IShader.h">
      <Filter>头文件</Filter>
    </ClInclude>
    <ClInclude Include="src\Invent\Renderer\IBuffer.h">
      <Filter>头文件</Filter>
    </ClInclude>
    <ClInclude Include="src\Invent\Renderer\IVertexArray.h">
      <Filter>头文件</Filter>
    </ClInclude>
    <ClInclude Include="src\Invent\Renderer\IRenderer.h">
      <Filter>头文件</Filter>
    </ClInclude>
    <ClInclude Include="src\Invent\2D\ISquare2dPawn.h">
      <Filter>头文件</Filter>
    </ClInclude>
    <ClInclude Include="src\Invent\IBase\IBasePawnControl.h">
      <Filter>头文件</Filter>
    </ClInclude>
    <ClInclude Include="src\Invent\IBase\IBaseActor.h">
      <Filter>头文件</Filter>
    </ClInclude>
    <ClInclude Include="src\Invent\ITexture\ITexture.h">
      <Filter>头文件</Filter>
    </ClInclude>
    <ClInclude Include="src\Invent\Shader\IDefaultShader.h">
      <Filter>头文件</Filter>
    </ClInclude>
    <ClInclude Include="src\StbImage\stb_image.h">
      <Filter>头文件</Filter>
    </ClInclude>
    <ClInclude Include="src\Invent\IBase\ICamera.h">
      <Filter>头文件</Filter>
    </ClInclude>
    <ClInclude Include="src\Invent\IEngine.h">
      <Filter>头文件</Filter>
    </ClInclude>
    <ClInclude Include="src\Invent\Renderer\IRenderer2D.h">
      <Filter>头文件</Filter>
    </ClInclude>
    <ClInclude Include="src\Invent\Renderer\IUniformBuffer.h">
      <Filter>头文件</Filter>
    </ClInclude>
    <ClInclude Include="src\Invent\2D\IActor2D.h">
      <Filter>头文件</Filter>
    </ClInclude>
    <ClInclude Include="src\Invent\IComponent\IAbilitySystemComponent\IAbilitySystemComponent.h">
      <Filter>头文件</Filter>
    </ClInclude>
    <ClInclude Include="src\Invent\IComponent\IAbilitySystemComponent\IGameplayAbilitySystem.h">
      <Filter>头文件</Filter>
    </ClInclude>
    <ClInclude Include="src\Invent\ThreadPool\IThreadPool.h">
      <Filter>头文件</Filter>
    </ClInclude>
    <ClInclude Include="src\Invent\IPhysicsCollision\ICollider.h">
      <Filter>头文件</Filter>
    </ClInclude>
    <ClInclude Include="src\Invent\IPhysicsCollision\ICollisionDetection.h">
      <Filter>头文件</Filter>
    </ClInclude>
  </ItemGroup>
  <ItemGroup>
    <ClCompile Include="src\Invent\Invent.cpp">
      <Filter>源文件</Filter>
    </ClCompile>
    <ClCompile Include="src\Invent\IEpch.cpp">
      <Filter>源文件</Filter>
    </ClCompile>
    <ClCompile Include="src\Invent\ILog.cpp">
      <Filter>源文件</Filter>
    </ClCompile>
    <ClCompile Include="src\Glad\glad.c">
      <Filter>源文件</Filter>
    </ClCompile>
    <ClCompile Include="src\Invent\IBase\IWindow.cpp">
      <Filter>源文件</Filter>
    </ClCompile>
    <ClCompile Include="src\Invent\IBase\IBaseLevel.cpp">
      <Filter>源文件</Filter>
    </ClCompile>
    <ClCompile Include="src\Invent\IBase\IEventLayer.cpp">
      <Filter>源文件</Filter>
    </ClCompile>
    <ClCompile Include="src\Invent\IBase\IBaseEventFunction.cpp">
      <Filter>源文件</Filter>
    </ClCompile>
    <ClCompile Include="src\Invent\IBase\IBindEvent.cpp">
      <Filter>源文件</Filter>
    </ClCompile>
    <ClCompile Include="src\Invent\3D\IObject.cpp">
      <Filter>源文件</Filter>
    </ClCompile>
    <ClCompile Include="src\Invent\2D\IObject2D.cpp">
      <Filter>源文件</Filter>
    </ClCompile>
    <ClCompile Include="src\Invent\IBase\IObjectBase.cpp">
      <Filter>源文件</Filter>
    </ClCompile>
    <ClCompile Include="src\Invent\IBase\IComponentManagement.cpp">
      <Filter>源文件</Filter>
    </ClCompile>
    <ClCompile Include="src\Invent\IBase\IController.cpp">
      <Filter>源文件</Filter>
    </ClCompile>
    <ClCompile Include="src\Invent\2D\ISquare2dActor.cpp">
      <Filter>源文件</Filter>
    </ClCompile>
    <ClCompile Include="src\Invent\IBase\IGameInstance.cpp">
      <Filter>源文件</Filter>
    </ClCompile>
    <ClCompile Include="src\Invent\Renderer\IRendererCommand.cpp">
      <Filter>源文件</Filter>
    </ClCompile>
    <ClCompile Include="src\Invent\Shader\IShader.cpp">
      <Filter>源文件</Filter>
    </ClCompile>
    <ClCompile Include="src\Invent\Renderer\IBuffer.cpp">
      <Filter>源文件</Filter>
    </ClCompile>
    <ClCompile Include="src\Invent\Renderer\IVertexArray.cpp">
      <Filter>源文件</Filter>
    </ClCompile>
    <ClCompile Include="src\Invent\Renderer\IRenderer.cpp">
      <Filter>源文件</Filter>
    </ClCompile>
    <ClCompile Include="src\Invent\2D\ISquare2dPawn.cpp">
      <Filter>源文件</Filter>
    </ClCompile>
    <ClCompile Include="src\Invent\IBase\IBasePawnControl.cpp">
      <Filter>源文件</Filter>
    </ClCompile>
    <ClCompile Include="src\Invent\IBase\IBaseActor.cpp">
      <Filter>源文件</Filter>
    </ClCompile>
    <ClCompile Include="src\Invent\ITexture\ITexture.cpp">
      <Filter>源文件</Filter>
    </ClCompile>
    <ClCompile Include="src\Invent\IBase\ICamera.cpp">
      <Filter>源文件</Filter>
    </ClCompile>
    <ClCompile Include="src\Invent\IEngine.cpp">
      <Filter>源文件</Filter>
    </ClCompile>
    <ClCompile Include="src\Invent\Renderer\IRenderer2D.cpp">
      <Filter>源文件</Filter>
    </ClCompile>
    <ClCompile Include="src\Invent\Renderer\IUniformBuffer.cpp">
      <Filter>源文件</Filter>
    </ClCompile>
    <ClCompile Include="src\Invent\2D\IActor2D.cpp">
      <Filter>源文件</Filter>
    </ClCompile>
    <ClCompile Include="src\Invent\IComponent\IAbilitySystemComponent\IAbilitySystemComponent.cpp">
      <Filter>源文件</Filter>
    </ClCompile>
    <ClCompile Include="src\Invent\IComponent\IAbilitySystemComponent\IGameplayAbilitySystem.cpp">
      <Filter>源文件</Filter>
    </ClCompile>
    <ClCompile Include="src\Invent\ThreadPool\IThreadPool.cpp">
      <Filter>源文件</Filter>
    </ClCompile>
    <ClCompile Include="src\Invent\IPhysicsCollision\ICollider.cpp">
      <Filter>源文件</Filter>
    </ClCompile>
    <ClCompile Include="src\Invent\IPhysicsCollision\ICollisionDetection.cpp">
      <Filter>源文件</Filter>
    </ClCompile>
  </ItemGroup>
  <ItemGroup>
    <None Include="Readme.md" />
  </ItemGroup>
</Project>